
Microsoft Visual Studio Solution File, Format Version 12.00
# Visual Studio 15
VisualStudioVersion = 15.0.26730.16
MinimumVisualStudioVersion = 10.0.40219.1
Project("{FAE04EC0-301F-11D3-BF4B-00C04F79EFBC}") = "DJMaxEditor", "DJMaxEditor.csproj", "{70C08187-A203-4834-9B76-423AA16CB77A}"
EndProject
Project("{9A19103F-16F7-4668-BE54-9A1E7A4F7556}") = "UnpackMe.SDK.Standard", "libs\UnpackMe.SDK.Standard\UnpackMe.SDK.Standard.csproj", "{4A0F82AE-F6EF-4063-A2ED-F3D8CEE4C83A}"
EndProject
Global
	GlobalSection(SolutionConfigurationPlatforms) = preSolution
		Debug|Any CPU = Debug|Any CPU
		Debug|x86 = Debug|x86
		Release|Any CPU = Release|Any CPU
		Release|x86 = Release|x86
	EndGlobalSection
	GlobalSection(ProjectConfigurationPlatforms) = postSolution
		{70C08187-A203-4834-9B76-423AA16CB77A}.Debug|Any CPU.ActiveCfg = Debug|x86
		{70C08187-A203-4834-9B76-423AA16CB77A}.Debug|x86.ActiveCfg = Debug|x86
		{70C08187-A203-4834-9B76-423AA16CB77A}.Debug|x86.Build.0 = Debug|x86
		{70C08187-A203-4834-9B76-423AA16CB77A}.Release|Any CPU.ActiveCfg = Release|x86
		{70C08187-A203-4834-9B76-423AA16CB77A}.Release|x86.ActiveCfg = Release|x86
		{70C08187-A203-4834-9B76-423AA16CB77A}.Release|x86.Build.0 = Release|x86
		{4A0F82AE-F6EF-4063-A2ED-F3D8CEE4C83A}.Debug|Any CPU.ActiveCfg = Debug|Any CPU
		{4A0F82AE-F6EF-4063-A2ED-F3D8CEE4C83A}.Debug|Any CPU.Build.0 = Debug|Any CPU
		{4A0F82AE-F6EF-4063-A2ED-F3D8CEE4C83A}.Debug|x86.ActiveCfg = Debug|Any CPU
		{4A0F82AE-F6EF-4063-A2ED-F3D8CEE4C83A}.Debug|x86.Build.0 = Debug|Any CPU
		{4A0F82AE-F6EF-4063-A2ED-F3D8CEE4C83A}.Release|Any CPU.ActiveCfg = Release|Any CPU
		{4A0F82AE-F6EF-4063-A2ED-F3D8CEE4C83A}.Release|Any CPU.Build.0 = Release|Any CPU
		{4A0F82AE-F6EF-4063-A2ED-F3D8CEE4C83A}.Release|x86.ActiveCfg = Release|Any CPU
		{4A0F82AE-F6EF-4063-A2ED-F3D8CEE4C83A}.Release|x86.Build.0 = Release|Any CPU
	EndGlobalSection
	GlobalSection(SolutionProperties) = preSolution
		HideSolutionNode = FALSE
	EndGlobalSection
	GlobalSection(ExtensibilityGlobals) = postSolution
		SolutionGuid = {171E2B73-FF97-414D-A0D5-486FA66E3C82}
	EndGlobalSection
EndGlobal
